// !$*UTF8*$!
{
	archiveVersion = 1;
	classes = {
	};
	objectVersion = 46;
	objects = {

/* Begin PBXBuildFile section */
		08404C5E1E2E258E0081DB88 /* AppDelegate.swift in Sources */ = {isa = PBXBuildFile; fileRef = 08404C5D1E2E258E0081DB88 /* AppDelegate.swift */; };
		08404C601E2E258E0081DB88 /* ViewController.swift in Sources */ = {isa = PBXBuildFile; fileRef = 08404C5F1E2E258E0081DB88 /* ViewController.swift */; };
		08404C631E2E258E0081DB88 /* Main.storyboard in Resources */ = {isa = PBXBuildFile; fileRef = 08404C611E2E258E0081DB88 /* Main.storyboard */; };
		08404C651E2E258E0081DB88 /* Assets.xcassets in Resources */ = {isa = PBXBuildFile; fileRef = 08404C641E2E258E0081DB88 /* Assets.xcassets */; };
		08404C681E2E258E0081DB88 /* LaunchScreen.storyboard in Resources */ = {isa = PBXBuildFile; fileRef = 08404C661E2E258E0081DB88 /* LaunchScreen.storyboard */; };
		08404C731E2E258E0081DB88 /* ArchAppTests.swift in Sources */ = {isa = PBXBuildFile; fileRef = 08404C721E2E258E0081DB88 /* ArchAppTests.swift */; };
/* End PBXBuildFile section */

/* Begin PBXContainerItemProxy section */
		08404C6F1E2E258E0081DB88 /* PBXContainerItemProxy */ = {
			isa = PBXContainerItemProxy;
			containerPortal = 08404C521E2E258E0081DB88 /* Project object */;
			proxyType = 1;
			remoteGlobalIDString = 08404C591E2E258E0081DB88;
			remoteInfo = ArchApp;
		};
		08404CAA1E3090BB0081DB88 /* PBXContainerItemProxy */ = {
			isa = PBXContainerItemProxy;
			containerPortal = 08404CA51E3090BB0081DB88 /* ArchFoundationKit.xcodeproj */;
			proxyType = 2;
			remoteGlobalIDString = 08404C871E2F76DA0081DB88;
			remoteInfo = ArchFoundationKit;
		};
		08404CAC1E3090BB0081DB88 /* PBXContainerItemProxy */ = {
			isa = PBXContainerItemProxy;
			containerPortal = 08404CA51E3090BB0081DB88 /* ArchFoundationKit.xcodeproj */;
			proxyType = 2;
			remoteGlobalIDString = 08404C911E2F76DA0081DB88;
			remoteInfo = ArchFoundationKitTests;
		};
		08404CD71E3095730081DB88 /* PBXContainerItemProxy */ = {
			isa = PBXContainerItemProxy;
			containerPortal = 08404CD21E3095730081DB88 /* ArchFeatureKit.xcodeproj */;
			proxyType = 2;
			remoteGlobalIDString = 08404CB81E3095600081DB88;
			remoteInfo = ArchFeatureKit;
		};
		08404CD91E3095730081DB88 /* PBXContainerItemProxy */ = {
			isa = PBXContainerItemProxy;
			containerPortal = 08404CD21E3095730081DB88 /* ArchFeatureKit.xcodeproj */;
			proxyType = 2;
			remoteGlobalIDString = 08404CC21E3095600081DB88;
			remoteInfo = ArchFeatureKitTests;
		};
/* End PBXContainerItemProxy section */

/* Begin PBXFileReference section */
		08404C5A1E2E258E0081DB88 /* ArchApp.app */ = {isa = PBXFileReference; explicitFileType = wrapper.application; includeInIndex = 0; path = ArchApp.app; sourceTree = BUILT_PRODUCTS_DIR; };
		08404C5D1E2E258E0081DB88 /* AppDelegate.swift */ = {isa = PBXFileReference; lastKnownFileType = sourcecode.swift; path = AppDelegate.swift; sourceTree = "<group>"; };
		08404C5F1E2E258E0081DB88 /* ViewController.swift */ = {isa = PBXFileReference; lastKnownFileType = sourcecode.swift; path = ViewController.swift; sourceTree = "<group>"; };
		08404C621E2E258E0081DB88 /* Base */ = {isa = PBXFileReference; lastKnownFileType = file.storyboard; name = Base; path = Base.lproj/Main.storyboard; sourceTree = "<group>"; };
		08404C641E2E258E0081DB88 /* Assets.xcassets */ = {isa = PBXFileReference; lastKnownFileType = folder.assetcatalog; path = Assets.xcassets; sourceTree = "<group>"; };
		08404C671E2E258E0081DB88 /* Base */ = {isa = PBXFileReference; lastKnownFileType = file.storyboard; name = Base; path = Base.lproj/LaunchScreen.storyboard; sourceTree = "<group>"; };
		08404C691E2E258E0081DB88 /* Info.plist */ = {isa = PBXFileReference; lastKnownFileType = text.plist.xml; path = Info.plist; sourceTree = "<group>"; };
		08404C6E1E2E258E0081DB88 /* ArchAppTests.xctest */ = {isa = PBXFileReference; explicitFileType = wrapper.cfbundle; includeInIndex = 0; path = ArchAppTests.xctest; sourceTree = BUILT_PRODUCTS_DIR; };
		08404C721E2E258E0081DB88 /* ArchAppTests.swift */ = {isa = PBXFileReference; lastKnownFileType = sourcecode.swift; path = ArchAppTests.swift; sourceTree = "<group>"; };
		08404C741E2E258E0081DB88 /* Info.plist */ = {isa = PBXFileReference; lastKnownFileType = text.plist.xml; path = Info.plist; sourceTree = "<group>"; };
		08404CA51E3090BB0081DB88 /* ArchFoundationKit.xcodeproj */ = {isa = PBXFileReference; lastKnownFileType = "wrapper.pb-project"; name = ArchFoundationKit.xcodeproj; path = ../ArchFoundationKit/ArchFoundationKit.xcodeproj; sourceTree = "<group>"; };
		08404CD21E3095730081DB88 /* ArchFeatureKit.xcodeproj */ = {isa = PBXFileReference; lastKnownFileType = "wrapper.pb-project"; name = ArchFeatureKit.xcodeproj; path = ../ArchFeatureKit/ArchFeatureKit.xcodeproj; sourceTree = "<group>"; };
/* End PBXFileReference section */

/* Begin PBXFrameworksBuildPhase section */
		08404C571E2E258E0081DB88 /* Frameworks */ = {
			isa = PBXFrameworksBuildPhase;
			buildActionMask = 2147483647;
			files = (
			);
			runOnlyForDeploymentPostprocessing = 0;
		};
		08404C6B1E2E258E0081DB88 /* Frameworks */ = {
			isa = PBXFrameworksBuildPhase;
			buildActionMask = 2147483647;
			files = (
			);
			runOnlyForDeploymentPostprocessing = 0;
		};
/* End PBXFrameworksBuildPhase section */

/* Begin PBXGroup section */
		08404C511E2E258E0081DB88 = {
			isa = PBXGroup;
			children = (
				08404CD21E3095730081DB88 /* ArchFeatureKit.xcodeproj */,
				08404CA51E3090BB0081DB88 /* ArchFoundationKit.xcodeproj */,
				08404C5C1E2E258E0081DB88 /* ArchApp */,
				08404C711E2E258E0081DB88 /* ArchAppTests */,
				08404C5B1E2E258E0081DB88 /* Products */,
			);
			sourceTree = "<group>";
		};
		08404C5B1E2E258E0081DB88 /* Products */ = {
			isa = PBXGroup;
			children = (
				08404C5A1E2E258E0081DB88 /* ArchApp.app */,
				08404C6E1E2E258E0081DB88 /* ArchAppTests.xctest */,
			);
			name = Products;
			sourceTree = "<group>";
		};
		08404C5C1E2E258E0081DB88 /* ArchApp */ = {
			isa = PBXGroup;
			children = (
				08404C5D1E2E258E0081DB88 /* AppDelegate.swift */,
				08404C5F1E2E258E0081DB88 /* ViewController.swift */,
				08404C611E2E258E0081DB88 /* Main.storyboard */,
				08404C641E2E258E0081DB88 /* Assets.xcassets */,
				08404C661E2E258E0081DB88 /* LaunchScreen.storyboard */,
				08404C691E2E258E0081DB88 /* Info.plist */,
			);
			path = ArchApp;
			sourceTree = "<group>";
		};
		08404C711E2E258E0081DB88 /* ArchAppTests */ = {
			isa = PBXGroup;
			children = (
				08404C721E2E258E0081DB88 /* ArchAppTests.swift */,
				08404C741E2E258E0081DB88 /* Info.plist */,
			);
			path = ArchAppTests;
			sourceTree = "<group>";
		};
		08404CA61E3090BB0081DB88 /* Products */ = {
			isa = PBXGroup;
			children = (
				08404CAB1E3090BB0081DB88 /* ArchFoundationKit.framework */,
				08404CAD1E3090BB0081DB88 /* ArchFoundationKitTests.xctest */,
			);
			name = Products;
			sourceTree = "<group>";
		};
		08404CD31E3095730081DB88 /* Products */ = {
			isa = PBXGroup;
			children = (
				08404CD81E3095730081DB88 /* ArchFeatureKit.framework */,
				08404CDA1E3095730081DB88 /* ArchFeatureKitTests.xctest */,
			);
			name = Products;
			sourceTree = "<group>";
		};
/* End PBXGroup section */

/* Begin PBXNativeTarget section */
		08404C591E2E258E0081DB88 /* ArchApp */ = {
			isa = PBXNativeTarget;
			buildConfigurationList = 08404C771E2E258E0081DB88 /* Build configuration list for PBXNativeTarget "ArchApp" */;
			buildPhases = (
				08404C561E2E258E0081DB88 /* Sources */,
				08404C571E2E258E0081DB88 /* Frameworks */,
				08404C581E2E258E0081DB88 /* Resources */,
			);
			buildRules = (
			);
			dependencies = (
			);
			name = ArchApp;
			productName = ArchApp;
			productReference = 08404C5A1E2E258E0081DB88 /* ArchApp.app */;
			productType = "com.apple.product-type.application";
		};
		08404C6D1E2E258E0081DB88 /* ArchAppTests */ = {
			isa = PBXNativeTarget;
			buildConfigurationList = 08404C7A1E2E258E0081DB88 /* Build configuration list for PBXNativeTarget "ArchAppTests" */;
			buildPhases = (
				08404C6A1E2E258E0081DB88 /* Sources */,
				08404C6B1E2E258E0081DB88 /* Frameworks */,
				08404C6C1E2E258E0081DB88 /* Resources */,
			);
			buildRules = (
			);
			dependencies = (
				08404C701E2E258E0081DB88 /* PBXTargetDependency */,
			);
			name = ArchAppTests;
			productName = ArchAppTests;
			productReference = 08404C6E1E2E258E0081DB88 /* ArchAppTests.xctest */;
			productType = "com.apple.product-type.bundle.unit-test";
		};
/* End PBXNativeTarget section */

/* Begin PBXProject section */
		08404C521E2E258E0081DB88 /* Project object */ = {
			isa = PBXProject;
			attributes = {
				LastSwiftUpdateCheck = 0730;
				LastUpgradeCheck = 0730;
				ORGANIZATIONNAME = Sapient;
				TargetAttributes = {
					08404C591E2E258E0081DB88 = {
						CreatedOnToolsVersion = 7.3;
					};
					08404C6D1E2E258E0081DB88 = {
						CreatedOnToolsVersion = 7.3;
						TestTargetID = 08404C591E2E258E0081DB88;
					};
				};
			};
			buildConfigurationList = 08404C551E2E258E0081DB88 /* Build configuration list for PBXProject "ArchApp" */;
			compatibilityVersion = "Xcode 3.2";
			developmentRegion = English;
			hasScannedForEncodings = 0;
			knownRegions = (
				en,
				Base,
			);
			mainGroup = 08404C511E2E258E0081DB88;
			productRefGroup = 08404C5B1E2E258E0081DB88 /* Products */;
			projectDirPath = "";
			projectReferences = (
				{
					ProductGroup = 08404CD31E3095730081DB88 /* Products */;
					ProjectRef = 08404CD21E3095730081DB88 /* ArchFeatureKit.xcodeproj */;
				},
				{
					ProductGroup = 08404CA61E3090BB0081DB88 /* Products */;
					ProjectRef = 08404CA51E3090BB0081DB88 /* ArchFoundationKit.xcodeproj */;
				},
			);
			projectRoot = "";
			targets = (
				08404C591E2E258E0081DB88 /* ArchApp */,
				08404C6D1E2E258E0081DB88 /* ArchAppTests */,
			);
		};
/* End PBXProject section */

/* Begin PBXReferenceProxy section */
		08404CAB1E3090BB0081DB88 /* ArchFoundationKit.framework */ = {
			isa = PBXReferenceProxy;
			fileType = wrapper.framework;
			path = ArchFoundationKit.framework;
			remoteRef = 08404CAA1E3090BB0081DB88 /* PBXContainerItemProxy */;
			sourceTree = BUILT_PRODUCTS_DIR;
		};
		08404CAD1E3090BB0081DB88 /* ArchFoundationKitTests.xctest */ = {
			isa = PBXReferenceProxy;
			fileType = wrapper.cfbundle;
			path = ArchFoundationKitTests.xctest;
			remoteRef = 08404CAC1E3090BB0081DB88 /* PBXContainerItemProxy */;
			sourceTree = BUILT_PRODUCTS_DIR;
		};
		08404CD81E3095730081DB88 /* ArchFeatureKit.framework */ = {
			isa = PBXReferenceProxy;
			fileType = wrapper.framework;
			path = ArchFeatureKit.framework;
			remoteRef = 08404CD71E3095730081DB88 /* PBXContainerItemProxy */;
			sourceTree = BUILT_PRODUCTS_DIR;
		};
		08404CDA1E3095730081DB88 /* ArchFeatureKitTests.xctest */ = {
			isa = PBXReferenceProxy;
			fileType = wrapper.cfbundle;
			path = ArchFeatureKitTests.xctest;
			remoteRef = 08404CD91E3095730081DB88 /* PBXContainerItemProxy */;
			sourceTree = BUILT_PRODUCTS_DIR;
		};
/* End PBXReferenceProxy section */

/* Begin PBXResourcesBuildPhase section */
		08404C581E2E258E0081DB88 /* Resources */ = {
			isa = PBXResourcesBuildPhase;
			buildActionMask = 2147483647;
			files = (
				08404C681E2E258E0081DB88 /* LaunchScreen.storyboard in Resources */,
				08404C651E2E258E0081DB88 /* Assets.xcassets in Resources */,
				08404C631E2E258E0081DB88 /* Main.storyboard in Resources */,
			);
			runOnlyForDeploymentPostprocessing = 0;
		};
		08404C6C1E2E258E0081DB88 /* Resources */ = {
			isa = PBXResourcesBuildPhase;
			buildActionMask = 2147483647;
			files = (
			);
			runOnlyForDeploymentPostprocessing = 0;
		};
/* End PBXResourcesBuildPhase section */

/* Begin PBXSourcesBuildPhase section */
		08404C561E2E258E0081DB88 /* Sources */ = {
			isa = PBXSourcesBuildPhase;
			buildActionMask = 2147483647;
			files = (
				08404C601E2E258E0081DB88 /* ViewController.swift in Sources */,
				08404C5E1E2E258E0081DB88 /* AppDelegate.swift in Sources */,
			);
			runOnlyForDeploymentPostprocessing = 0;
		};
		08404C6A1E2E258E0081DB88 /* Sources */ = {
			isa = PBXSourcesBuildPhase;
			buildActionMask = 2147483647;
			files = (
				08404C731E2E258E0081DB88 /* ArchAppTests.swift in Sources */,
			);
			runOnlyForDeploymentPostprocessing = 0;
		};
/* End PBXSourcesBuildPhase section */

/* Begin PBXTargetDependency section */
		08404C701E2E258E0081DB88 /* PBXTargetDependency */ = {
			isa = PBXTargetDependency;
			target = 08404C591E2E258E0081DB88 /* ArchApp */;
			targetProxy = 08404C6F1E2E258E0081DB88 /* PBXContainerItemProxy */;
		};
/* End PBXTargetDependency section */

/* Begin PBXVariantGroup section */
		08404C611E2E258E0081DB88 /* Main.storyboard */ = {
			isa = PBXVariantGroup;
			children = (
				08404C621E2E258E0081DB88 /* Base */,
			);
			name = Main.storyboard;
			sourceTree = "<group>";
		};
		08404C661E2E258E0081DB88 /* LaunchScreen.storyboard */ = {
			isa = PBXVariantGroup;
			children = (
				08404C671E2E258E0081DB88 /* Base */,
			);
			name = LaunchScreen.storyboard;
			sourceTree = "<group>";
		};
/* End PBXVariantGroup section */

/* Begin XCBuildConfiguration section */
		08404C751E2E258E0081DB88 /* Debug */ = {
			isa = XCBuildConfiguration;
			buildSettings = {
				ALWAYS_SEARCH_USER_PATHS = NO;
				CLANG_ANALYZER_NONNULL = YES;
				CLANG_CXX_LANGUAGE_STANDARD = "gnu++0x";
				CLANG_CXX_LIBRARY = "libc++";
				CLANG_ENABLE_MODULES = YES;
				CLANG_ENABLE_OBJC_ARC = YES;
				CLANG_WARN_BOOL_CONVERSION = YES;
				CLANG_WARN_CONSTANT_CONVERSION = YES;
				CLANG_WARN_DIRECT_OBJC_ISA_USAGE = YES_ERROR;
				CLANG_WARN_EMPTY_BODY = YES;
				CLANG_WARN_ENUM_CONVERSION = YES;
				CLANG_WARN_INT_CONVERSION = YES;
				CLANG_WARN_OBJC_ROOT_CLASS = YES_ERROR;
				CLANG_WARN_UNREACHABLE_CODE = YES;
				CLANG_WARN__DUPLICATE_METHOD_MATCH = YES;
				"CODE_SIGN_IDENTITY[sdk=iphoneos*]" = "iPhone Developer";
				COPY_PHASE_STRIP = NO;
				DEBUG_INFORMATION_FORMAT = dwarf;
				ENABLE_STRICT_OBJC_MSGSEND = YES;
				ENABLE_TESTABILITY = YES;
				GCC_C_LANGUAGE_STANDARD = gnu99;
				GCC_DYNAMIC_NO_PIC = NO;
				GCC_NO_COMMON_BLOCKS = YES;
				GCC_OPTIMIZATION_LEVEL = 0;
				GCC_PREPROCESSOR_DEFINITIONS = (
					"DEBUG=1",
					"$(inherited)",
				);
				GCC_WARN_64_TO_32_BIT_CONVERSION = YES;
				GCC_WARN_ABOUT_RETURN_TYPE = YES_ERROR;
				GCC_WARN_UNDECLARED_SELECTOR = YES;
				GCC_WARN_UNINITIALIZED_AUTOS = YES_AGGRESSIVE;
				GCC_WARN_UNUSED_FUNCTION = YES;
				GCC_WARN_UNUSED_VARIABLE = YES;
				IPHONEOS_DEPLOYMENT_TARGET = 9.3;
				MTL_ENABLE_DEBUG_INFO = YES;
				ONLY_ACTIVE_ARCH = YES;
				SDKROOT = iphoneos;
				SWIFT_OPTIMIZATION_LEVEL = "-Onone";
			};
			name = Debug;
		};
		08404C761E2E258E0081DB88 /* Release */ = {
			isa = XCBuildConfiguration;
			buildSettings = {
				ALWAYS_SEARCH_USER_PATHS = NO;
				CLANG_ANALYZER_NONNULL = YES;
				CLANG_CXX_LANGUAGE_STANDARD = "gnu++0x";
				CLANG_CXX_LIBRARY = "libc++";
				CLANG_ENABLE_MODULES = YES;
				CLANG_ENABLE_OBJC_ARC = YES;
				CLANG_WARN_BOOL_CONVERSION = YES;
				CLANG_WARN_CONSTANT_CONVERSION = YES;
				CLANG_WARN_DIRECT_OBJC_ISA_USAGE = YES_ERROR;
				CLANG_WARN_EMPTY_BODY = YES;
				CLANG_WARN_ENUM_CONVERSION = YES;
				CLANG_WARN_INT_CONVERSION = YES;
				CLANG_WARN_OBJC_ROOT_CLASS = YES_ERROR;
				CLANG_WARN_UNREACHABLE_CODE = YES;
				CLANG_WARN__DUPLICATE_METHOD_MATCH = YES;
				"CODE_SIGN_IDENTITY[sdk=iphoneos*]" = "iPhone Developer";
				COPY_PHASE_STRIP = NO;
				DEBUG_INFORMATION_FORMAT = "dwarf-with-dsym";
				ENABLE_NS_ASSERTIONS = NO;
				ENABLE_STRICT_OBJC_MSGSEND = YES;
				GCC_C_LANGUAGE_STANDARD = gnu99;
				GCC_NO_COMMON_BLOCKS = YES;
				GCC_WARN_64_TO_32_BIT_CONVERSION = YES;
				GCC_WARN_ABOUT_RETURN_TYPE = YES_ERROR;
				GCC_WARN_UNDECLARED_SELECTOR = YES;
				GCC_WARN_UNINITIALIZED_AUTOS = YES_AGGRESSIVE;
				GCC_WARN_UNUSED_FUNCTION = YES;
				GCC_WARN_UNUSED_VARIABLE = YES;
				IPHONEOS_DEPLOYMENT_TARGET = 9.3;
				MTL_ENABLE_DEBUG_INFO = NO;
				SDKROOT = iphoneos;
				VALIDATE_PRODUCT = YES;
			};
			name = Release;
		};
		08404C781E2E258E0081DB88 /* Debug */ = {
			isa = XCBuildConfiguration;
			buildSettings = {
				ASSETCATALOG_COMPILER_APPICON_NAME = AppIcon;
				INFOPLIST_FILE = ArchApp/Info.plist;
				LD_RUNPATH_SEARCH_PATHS = "$(inherited) @executable_path/Frameworks";
				PRODUCT_BUNDLE_IDENTIFIER = com.sapient.ArchApp;
				PRODUCT_NAME = "$(TARGET_NAME)";
			};
			name = Debug;
		};
		08404C791E2E258E0081DB88 /* Release */ = {
			isa = XCBuildConfiguration;
			buildSettings = {
				ASSETCATALOG_COMPILER_APPICON_NAME = AppIcon;
				INFOPLIST_FILE = ArchApp/Info.plist;
				LD_RUNPATH_SEARCH_PATHS = "$(inherited) @executable_path/Frameworks";
				PRODUCT_BUNDLE_IDENTIFIER = com.sapient.ArchApp;
				PRODUCT_NAME = "$(TARGET_NAME)";
			};
			name = Release;
		};
		08404C7B1E2E258E0081DB88 /* Debug */ = {
			isa = XCBuildConfiguration;
			buildSettings = {
				BUNDLE_LOADER = "$(TEST_HOST)";
				INFOPLIST_FILE = ArchAppTests/Info.plist;
				LD_RUNPATH_SEARCH_PATHS = "$(inherited) @executable_path/Frameworks @loader_path/Frameworks";
				PRODUCT_BUNDLE_IDENTIFIER = com.sapient.ArchAppTests;
				PRODUCT_NAME = "$(TARGET_NAME)";
				TEST_HOST = "$(BUILT_PRODUCTS_DIR)/ArchApp.app/ArchApp";
			};
			name = Debug;
		};
		08404C7C1E2E258E0081DB88 /* Release */ = {
			isa = XCBuildConfiguration;
			buildSettings = {
				BUNDLE_LOADER = "$(TEST_HOST)";
				INFOPLIST_FILE = ArchAppTests/Info.plist;
				LD_RUNPATH_SEARCH_PATHS = "$(inherited) @executable_path/Frameworks @loader_path/Frameworks";
				PRODUCT_BUNDLE_IDENTIFIER = com.sapient.ArchAppTests;
				PRODUCT_NAME = "$(TARGET_NAME)";
				TEST_HOST = "$(BUILT_PRODUCTS_DIR)/ArchApp.app/ArchApp";
			};
			name = Release;
		};
/* End XCBuildConfiguration section */

/* Begin XCConfigurationList section */
		08404C551E2E258E0081DB88 /* Build configuration list for PBXProject "ArchApp" */ = {
			isa = XCConfigurationList;
			buildConfigurations = (
				08404C751E2E258E0081DB88 /* Debug */,
				08404C761E2E258E0081DB88 /* Release */,
			);
			defaultConfigurationIsVisible = 0;
			defaultConfigurationName = Release;
		};
		08404C771E2E258E0081DB88 /* Build configuration list for PBXNativeTarget "ArchApp" */ = {
			isa = XCConfigurationList;
			buildConfigurations = (
				08404C781E2E258E0081DB88 /* Debug */,
				08404C791E2E258E0081DB88 /* Release */,
			);
			defaultConfigurationIsVisible = 0;
		};
		08404C7A1E2E258E0081DB88 /* Build configuration list for PBXNativeTarget "ArchAppTests" */ = {
			isa = XCConfigurationList;
			buildConfigurations = (
				08404C7B1E2E258E0081DB88 /* Debug */,
				08404C7C1E2E258E0081DB88 /* Release */,
			);
			defaultConfigurationIsVisible = 0;
		};
/* End XCConfigurationList section */
	};
	rootObject = 08404C521E2E258E0081DB88 /* Project object */;
}
